github.com/BurntSushi/toml v1.3.2 h1:o7IhLm0Msx3BaB+n3Ag7L8EVlByGEGocsqLFjajPw=
github.com/BurntSushi/toml v1.3.2/go.mod h1:CxXYINrC8qIiHFr/dv8+CJ8/rnl4vwywOyJ6AlUanc=
github.com/sirupsen/logrus v1.9.3 h1:dueUQJ1C2q9oE3F7wvkqKykO+X5+CsRKlEjkVIAzS0=
github.com/sirupsen/logrus v1.9.3/go.mod h1:naHLuLoDiP4jHNo9R0sCBpldAPE2zqX/19J62PEndo=
github.com/gorilla/mux v1.8.1 h1:kblmhYjvLMxC7aKLMJTUg6PqC9oyx/KYL9ma/W7F00=
github.com/gorilla/mux v1.8.1/go.mod h1:DVbg23sWSpFRCP0SfiRA/xvzODwQLjrquXwLkMatWg=
github.com/spf13/cobra v1.7.0 h1:hyqWnYt1ZQShIddO5kBpj3vu05/++x6tJ6dg8EC572=
github.com/spf13/cobra v1.7.0/go.mod h1:uLxZILRyS/50rlrQ0XyZrUpzup02Qo145kPgp+MU1g=
github.com/spf13/viper v1.17.0 h1:I5txKYSXRvLn07Labfrancesco157VU+tHPKl26UjoT50=
github.com/spf13/viper v1.17.0/go.mod h1:BmMMMLbWADaqG60a8PxQ2Z/4JCoMvjMnNdI5jnmYEo=
github.com/docker/docker v24.0.7+incompatible h1:keNbx9vg6U1QDfJ96mzvs0cTAn6rXiF1P5VvX9PCOA=
github.com/docker/docker v24.0.7+incompatible/go.mod h1:eEKB0N0r5KeJxsSt8Fj1VYQ3V+8zymvmbcVczaLlY0=
github.com/docker/go-connections v0.5.0 h1:USnMq7hx7gwNn09fvYvnKYoASCXMe7cWwIX2mwrKP0=
github.com/docker/go-connections v0.5.0/go.mod h1:ov60Kzw0kKElRwhNs9UlUHAzYDkdP33q7cSjgaSoac=
gopkg.in/natefinch/lumberjack.v2 v2.2.1 h1:bBRl1b0Oh9s/DuPhuXpNl+VtCJqXvB6j4TNmi2v12E=
gopkg.in/natefinch/lumberjack.v2 v2.2.1/go.mod h1:Xk+z4oIWrwV9tsArjK3E2OfJxSF1/Guiwz6LYGvVxA=
github.com/hashicorp/hcl v1.0.0 h1:0Anlzjmi4vXxNEhjyMawrDRDFhS3mAEZv6vljQaApo=
github.com/hashicorp/hcl v1.0.0/go.mod h1:E5yfLk+7swimpYl979q36zcupQxbcUyMYtEaLn+DsY=
github.com/magiconair/properties v1.8.7 h1:IeQXZxxvCVc0TYHues2linwtiGC1gFOt5WQpQBKc8s=
github.com/magiconair/properties v1.8.7/go.mod h1:Dhvavw2Y+B6SEQUaHsfDri41H8i/wkkLZyVHY0D+qs=
github.com/mattn/go-colorable v0.1.13 h1:fFA4WZxvqiGlVSvWx6V/agn7d+6S829f5gIC8/20Tg=
github.com/mattn/go-colorable v0.1.13/go.mod h1:7S9/cAGcm5ZcBQagSTxNYodraw+5LYL+i+wmrjQ7h0=
github.com/mattn/go-isatty v0.0.20 h1:xfD0iDuEt+sSPiPIBsp2f25LHQAlamQ+mB73Y7YoTU=
github.com/mattn/go-isatty v0.0.20/go.mod h1:W+V8ngjABrCkmKrLkCCMwQPHstgoacVTAddGuk8fqU=
github.com/mitchellh/mapstructure v1.5.0 h1:jeMsZIYK/02tOvWpaxdm1aeqQ9vV+CpAMpfox4mzAc=
github.com/mitchellh/mapstructure v1.5.0/go.mod h1:bFUtVrKA4DC2yAKiSyO/QUcy7e+RRV2QTWOzhPopXM=
github.com/pelletier/go-toml/v2 v2.1.0 h1:FnwAJ4DvoS8gfsEBn4lzQKOYo1zNVzaZnVCva+6n6w=
github.com/pelletier/go-toml/v2 v2.1.0/go.mod h1:tJU2Z3ZkXwnUQDN1RjW08yuk0K//uff3uxrPlRsoJ8=
github.com/spf13/afero v1.10.0 h1:bNEYrjlXjE9fmKnewkKaqLFmSKmpCXRCOJdU/7eBc0=
github.com/spf13/afero v1.10.0/go.mod h1:UBogFpq8E8fLRtZ5/4VsFP5O/jNrxqQmg+ViNfs7Ps=
github.com/spf13/cast v1.6.0 h1:GEiTHELF+vaR5dhz3VqZfFSLg5QRXMOy6yborQRvziw=
github.com/spf13/cast v1.6.0/go.mod h1:ancEpBxwUrinWXB1zI5c2UMnok5QkNG6J9PlLg2ocE=
github.com/spf13/jwalterweatherman v1.1.0 h1:jtQmejest2IUyNLPeq8Z9znECSKKkCEWvXvh9tPnes=
github.com/spf13/jwalterweatherman v1.1.0/go.mod h1:aNWZUN0dPSjw6NcABSt1tPrcyQtAVcPunnX0ycUKAY=
github.com/spf13/pflag v1.0.5 h1:iy+VFUOCP1a+8yFto/drg2CJ5G8NR13ZOm5RHazFMY=
github.com/spf13/pflag v1.0.5/go.mod h1:McXfmBzH8J640yX1nJnB7wBBC4bkLBrcX3fMsqIy6c=
github.com/subosito/gotenv v1.6.0 h1:9NlTjYgUbvPVr7to8/wDwWdusMNt7E4ezs/g8BQJzE=
github.com/subosito/gotenv v1.6.0/go.mod h1:Cc2hIoenbMTE/zOy+d1cEo+ybn5G4cXltLO3Z3UVrQ=
golang.org/x/sys v0.15.0 h1:frVn1UL3P6C9td8Xffewer1MIgechFc5nTSbMeiKQU=
golang.org/x/sys v0.15.0/go.mod h1:/VUhepP7I5dsLgmgk/DQpZsE345GWJC34X514scPS8=
golang.org/x/text v0.14.0 h1:ScX5w1eTa3QqT8xt6OwMcalog0xvADUJQ1VeJQFqQQ=
golang.org/x/text v0.14.0/go.mod h1:18ZOQIKpY8NJVqYksKHtTdi31H5itlK7+mmpK5rCp8=
gopkg.in/yaml.v2 v2.4.0 h1:D8xgwEtNlYqhzpLxM+rSyM/fy/150dWMWjvlJQcqkQ=
gopkg.in/yaml.v2 v2.4.0/go.mod h1:RDklbk79AGWmwhnvt/jBztapEOGDOx6ZbXqjP6csGnY=
github.com/docker/go-units v0.5.0 h1:69rxXcBk27SvSaaxTtLh/8llcHD8C4laB5FdqKnqjg=
github.com/docker/go-units v0.5.0/go.mod h1:fgPhQarcvyeds9Y4z7zNiEy+UJ4v2btnELoIc/7o10=
github.com/docker/distribution v2.8.3+incompatible h1:AtKAn8CPlWQmcunu9PjzA+fUnqkm4MPip5IXqq9dKA=
github.com/docker/distribution v2.8.3+incompatible/go.mod h1:J2gT2udsDAN96Uj7AY2G5/5B67EbQda46Rm7a7a8e0=
github.com/moby/term v0.5.0 h1:ztSvzd8vHkDQH8d5K1gMZ1SUgJvw5Vj0zucUzlHAiM=
github.com/moby/term v0.5.0/go.mod h1:8FzsFHVUBGZgVsEZnD3oIGgPQWAcvyl1I5FASmarLM=
github.com/opencontainers/go-digest v1.0.0 h1:apOUWs51W5PlvMG85d3+wE3Q43kSQP7IeKaAV7gF0g=
github.com/opencontainers/go-digest v1.0.0/go.mod h1:0JzlMkj0TRzQZfJkVvx4vII/rf3KbMUvTxiLstBP6Esrc=
github.com/opencontainers/image-spec v1.1.0-rc5 h1:Ygvuhv5z5W6QxJMgLNZ8JVK6oGKPcQTz8R5zMrrHgA=
github.com/opencontainers/image-spec v1.1.0-rc5/go.mod h1:X4pATf0uXsnn3g5aiGIsVnJBR02yKQn1QOLvyXL6uO=
